PODS:
  - CDJoystick (1.1.0)
  - lottie-ios (3.1.8)

DEPENDENCIES:
  - CDJoystick
  - lottie-ios

SPEC REPOS:
  trunk:
    - CDJoystick
    - lottie-ios

SPEC CHECKSUMS:
  CDJoystick: 5563edf7dbc276cfec6f4606ee2a5b63ee54a15e
  lottie-ios: 48fac6be217c76937e36e340e2d09cf7b10b7f5f

PODFILE CHECKSUM: 30a08c4670dd5f80fb1ebf2dd9a75305d56b7a5e

COCOAPODS: 1.10.0
